
Microsoft Visual Studio Solution File, Format Version 12.00
# Visual Studio 15
Project("{FAE04EC0-301F-11D3-BF4B-00C04F79EFBC}") = "Assembly-CSharp", "Assembly-CSharp.csproj", "{3FA8D194-A189-DD73-4536-11AA53A96665}"
EndProject
Project("{FAE04EC0-301F-11D3-BF4B-00C04F79EFBC}") = "Assembly-CSharp-Editor", "Assembly-CSharp-Editor.csproj", "{A4289B60-FF25-57C5-B5F1-36849ABB45BA}"
EndProject
Global
	GlobalSection(SolutionConfigurationPlatforms) = preSolution
		Debug|Any CPU = Debug|Any CPU
		Release|Any CPU = Release|Any CPU
	EndGlobalSection
	GlobalSection(ProjectConfigurationPlatforms) = postSolution
		{3FA8D194-A189-DD73-4536-11AA53A96665}.Debug|Any CPU.ActiveCfg = Debug|Any CPU
		{3FA8D194-A189-DD73-4536-11AA53A96665}.Debug|Any CPU.Build.0 = Debug|Any CPU
		{3FA8D194-A189-DD73-4536-11AA53A96665}.Release|Any CPU.ActiveCfg = Release|Any CPU
		{3FA8D194-A189-DD73-4536-11AA53A96665}.Release|Any CPU.Build.0 = Release|Any CPU
		{A4289B60-FF25-57C5-B5F1-36849ABB45BA}.Debug|Any CPU.ActiveCfg = Debug|Any CPU
		{A4289B60-FF25-57C5-B5F1-36849ABB45BA}.Debug|Any CPU.Build.0 = Debug|Any CPU
		{A4289B60-FF25-57C5-B5F1-36849ABB45BA}.Release|Any CPU.ActiveCfg = Release|Any CPU
		{A4289B60-FF25-57C5-B5F1-36849ABB45BA}.Release|Any CPU.Build.0 = Release|Any CPU
	EndGlobalSection
	GlobalSection(SolutionProperties) = preSolution
		HideSolutionNode = FALSE
	EndGlobalSection
EndGlobal
